{
  "name": "vision-toolkit-hmi",
  "version": "0.1.0",
  "lockfileVersion": 3,
  "requires": true,
  "packages": {
    "": {
      "name": "vision-toolkit-hmi",
      "dependencies": {
        "mobject-graph-ui": "^0.1.21",
        "mobject-graph-ui-iec-datatypes-pack": "^0.1.2",
        "mobject-graph-ui-vision-pack": "^0.1.4",
        "mobject-litegraph": "^0.1.8"
      }
    },
    "node_modules/@fortawesome/fontawesome-free": {
      "version": "6.7.0",
      "resolved": "https://registry.npmjs.org/@fortawesome/fontawesome-free/-/fontawesome-free-6.7.0.tgz",
      "integrity": "sha512-lXTP8oiLGM97Aqjn47nod9awKe574HRfCngFizr7FiHTadKTiPkoVn0Mzg+tZBLD1XpE4CRvcF7/UM3g1jyVYw==",
      "license": "(CC-BY-4.0 AND OFL-1.1 AND MIT)",
      "engines": {
        "node": ">=6"
      }
    },
    "node_modules/@popperjs/core": {
      "version": "2.11.8",
      "resolved": "https://registry.npmjs.org/@popperjs/core/-/core-2.11.8.tgz",
      "integrity": "sha512-P1st0aksCrn9sGZhp8GMYwBnQsbvAWsZAX44oXNNvLHGqAOcoVxmjZiohstwQ7SqKnbR47akdNi+uleWD8+g6A==",
      "license": "MIT",
      "peer": true,
      "funding": {
        "type": "opencollective",
        "url": "https://opencollective.com/popperjs"
      }
    },
    "node_modules/bootstrap": {
      "version": "5.3.3",
      "resolved": "https://registry.npmjs.org/bootstrap/-/bootstrap-5.3.3.tgz",
      "integrity": "sha512-8HLCdWgyoMguSO9o+aH+iuZ+aht+mzW0u3HIMzVu7Srrpv7EBBxTnrFlSCskwdY1+EOFQSm7uMJhNQHkdPcmjg==",
      "funding": [
        {
          "type": "github",
          "url": "https://github.com/sponsors/twbs"
        },
        {
          "type": "opencollective",
          "url": "https://opencollective.com/bootstrap"
        }
      ],
      "license": "MIT",
      "peerDependencies": {
        "@popperjs/core": "^2.11.8"
      }
    },
    "node_modules/mobject-graph-ui": {
      "version": "0.1.21",
      "resolved": "https://registry.npmjs.org/mobject-graph-ui/-/mobject-graph-ui-0.1.21.tgz",
      "integrity": "sha512-keTvIAQxfKopW3gf2uY76oHFucexmKpQE5IKHN4EUwSGO2Q5KYXOtnftu5gcDpHMLgW9LN/BHzEnEcifxYYwUw==",
      "license": "MIT",
      "dependencies": {
        "@fortawesome/fontawesome-free": "^6.6.0",
        "bootstrap": "^5.3.3"
      },
      "peerDependencies": {
        "mobject-litegraph": "^0.1.7"
      }
    },
    "node_modules/mobject-graph-ui-iec-datatypes-pack": {
      "version": "0.1.2",
      "resolved": "https://registry.npmjs.org/mobject-graph-ui-iec-datatypes-pack/-/mobject-graph-ui-iec-datatypes-pack-0.1.2.tgz",
      "integrity": "sha512-gwVaLSfiGoFn92HqgKMuKojY2zEvM5JOr/w0xmsIlujDy5rMbjZDGULJOHN6JE8VRMZnhn1cE1fho6UgivotVw==",
      "license": "MIT",
      "peerDependencies": {
        "mobject-graph-ui": "^0.1.18"
      }
    },
    "node_modules/mobject-graph-ui-vision-pack": {
      "version": "0.1.4",
      "resolved": "https://registry.npmjs.org/mobject-graph-ui-vision-pack/-/mobject-graph-ui-vision-pack-0.1.4.tgz",
      "integrity": "sha512-/TdNhuay+GHnhdYJztFUWOv+oxbc4n07i/rEVN96QdnQAep+ux8CgWQgnZtDtU+hRhuhc1BB5Rp74ok7vzKa7g==",
      "license": "MIT",
      "peerDependencies": {
        "mobject-graph-ui": "^0.1.18"
      }
    },
    "node_modules/mobject-litegraph": {
      "version": "0.1.8",
      "resolved": "https://registry.npmjs.org/mobject-litegraph/-/mobject-litegraph-0.1.8.tgz",
      "integrity": "sha512-lMukaPtReKWpiQRA+TsIdq8EMXyizBmUPzoWmfpi8YJb4/8Dlsu+g3yyiVJanCAHn6s5D6xTA9DyaSSi11IJbA==",
      "license": "MIT"
    }
  }
}
