{
  "name": "vision-toolkit",
  "version": "0.1.0",
  "lockfileVersion": 3,
  "requires": true,
  "packages": {
    "": {
      "name": "vision-toolkit",
      "version": "0.1.0",
      "license": "MIT",
      "dependencies": {
        "mobject-client": "^2.1.0",
        "mobject-graph-ui": "^0.1.36",
        "mobject-graph-ui-iec-datatypes-pack": "^0.1.6",
        "mobject-graph-ui-vision-pack": "^0.1.7",
        "mobject-litegraph": "^0.1.11"
      },
      "devDependencies": {
        "npm-check-updates": "^17.1.14"
      }
    },
    "node_modules/ads-client": {
      "version": "1.14.4",
      "resolved": "https://registry.npmjs.org/ads-client/-/ads-client-1.14.4.tgz",
      "integrity": "sha512-8aUeD2VFL/3pa6f+xLhej2gyVATUwlfMsRNtkBK/Yhrf2WxPIly0oZYRqIFrDgV/VeZKg0Vlakdv3JhGZosQIQ==",
      "license": "MIT",
      "dependencies": {
        "debug": "^4.3.3",
        "iconv-lite": "^0.6.3",
        "long": "^5.2.0"
      }
    },
    "node_modules/debug": {
      "version": "4.3.7",
      "resolved": "https://registry.npmjs.org/debug/-/debug-4.3.7.tgz",
      "integrity": "sha512-Er2nc/H7RrMXZBFCEim6TCmMk02Z8vLC2Rbi1KEBggpo0fS6l0S1nnapwmIi3yW/+GOJap1Krg4w0Hg80oCqgQ==",
      "license": "MIT",
      "dependencies": {
        "ms": "^2.1.3"
      },
      "engines": {
        "node": ">=6.0"
      },
      "peerDependenciesMeta": {
        "supports-color": {
          "optional": true
        }
      }
    },
    "node_modules/iconv-lite": {
      "version": "0.6.3",
      "resolved": "https://registry.npmjs.org/iconv-lite/-/iconv-lite-0.6.3.tgz",
      "integrity": "sha512-4fCk79wshMdzMp2rH06qWrJE4iolqLhCUH+OiuIgU++RB0+94NlDL81atO7GX55uUKueo0txHNtvEyI6D7WdMw==",
      "license": "MIT",
      "dependencies": {
        "safer-buffer": ">= 2.1.2 < 3.0.0"
      },
      "engines": {
        "node": ">=0.10.0"
      }
    },
    "node_modules/long": {
      "version": "5.2.3",
      "resolved": "https://registry.npmjs.org/long/-/long-5.2.3.tgz",
      "integrity": "sha512-lcHwpNoggQTObv5apGNCTdJrO69eHOZMi4BNC+rTLER8iHAqGrUVeLh/irVIM7zTw2bOXA8T6uNPeujwOLg/2Q==",
      "license": "Apache-2.0"
    },
    "node_modules/mobject-client": {
      "version": "2.1.0",
      "resolved": "https://registry.npmjs.org/mobject-client/-/mobject-client-2.1.0.tgz",
      "integrity": "sha512-dRhIL+4Zd8I65X74Sq/EqJad5yarjRjnnmVOTCiIslA0+nf/W5C+6JpRRnyHzWr8/bEnX8RKSwDcpAU2fnOuUw==",
      "license": "MIT",
      "dependencies": {
        "ads-client": "^1.14.3"
      }
    },
    "node_modules/mobject-graph-ui": {
      "version": "0.1.36",
      "resolved": "https://registry.npmjs.org/mobject-graph-ui/-/mobject-graph-ui-0.1.36.tgz",
      "integrity": "sha512-8VD85LJGM4nba2b9Ovn4vJPTP8q8lwbd3VAO2qF9TLxtsw4H6/+pTvOZbpbpYMs02fvQ1nF5W4Hnq4wQW5B8ng==",
      "license": "MIT",
      "peerDependencies": {
        "mobject-litegraph": "^0.1.11"
      }
    },
    "node_modules/mobject-graph-ui-iec-datatypes-pack": {
      "version": "0.1.6",
      "resolved": "https://registry.npmjs.org/mobject-graph-ui-iec-datatypes-pack/-/mobject-graph-ui-iec-datatypes-pack-0.1.6.tgz",
      "integrity": "sha512-lXl5CFjgbpsezVYRk3dV4Xr7EF3Em2Rowwbc1kUXjrFRvrhSde9iJWusQmDKlfxsEnHcRU4S0nXwdF2hQTC5Bw==",
      "license": "MIT",
      "peerDependencies": {
        "mobject-graph-ui": "^0.1.25"
      }
    },
    "node_modules/mobject-graph-ui-vision-pack": {
      "version": "0.1.7",
      "resolved": "https://registry.npmjs.org/mobject-graph-ui-vision-pack/-/mobject-graph-ui-vision-pack-0.1.7.tgz",
      "integrity": "sha512-y1qeS7iB+KKKUyvM0qVQMINzvhT0g9qyceT8AjoAMSDeFktuhzesowHGFXxdFNYSj2YsnqxGSt0xa99I7CmxWQ==",
      "license": "MIT",
      "peerDependencies": {
        "mobject-graph-ui": "^0.1.22"
      }
    },
    "node_modules/mobject-litegraph": {
      "version": "0.1.11",
      "resolved": "https://registry.npmjs.org/mobject-litegraph/-/mobject-litegraph-0.1.11.tgz",
      "integrity": "sha512-k2Z2ZDYvFRxnVxyVLLOlPAnTkEVOYKtbtqRqgqTWNv+kK7mfmRoevVqrO3v+z5dFJrLWmOOrgjNsI/igUzpqlA==",
      "license": "MIT"
    },
    "node_modules/ms": {
      "version": "2.1.3",
      "resolved": "https://registry.npmjs.org/ms/-/ms-2.1.3.tgz",
      "integrity": "sha512-6FlzubTLZG3J2a/NVCAleEhjzq5oxgHyaCU9yYXvcLsvoVaHJq/s5xXI6/XXP6tz7R9xAOtHnSO/tXtF3WRTlA==",
      "license": "MIT"
    },
    "node_modules/npm-check-updates": {
      "version": "17.1.14",
      "resolved": "https://registry.npmjs.org/npm-check-updates/-/npm-check-updates-17.1.14.tgz",
      "integrity": "sha512-dr4bXIxETubLI1tFGeock5hN8yVjahvaVpx+lPO4/O2md3zJuxB7FgH3MIoTvQSCgsgkIRpe0skti01IEAA5tA==",
      "dev": true,
      "license": "Apache-2.0",
      "bin": {
        "ncu": "build/cli.js",
        "npm-check-updates": "build/cli.js"
      },
      "engines": {
        "node": "^18.18.0 || >=20.0.0",
        "npm": ">=8.12.1"
      }
    },
    "node_modules/safer-buffer": {
      "version": "2.1.2",
      "resolved": "https://registry.npmjs.org/safer-buffer/-/safer-buffer-2.1.2.tgz",
      "integrity": "sha512-YZo3K82SD7Riyi0E1EQPojLz7kpepnSQI9IyPbHHg1XXXevb5dJI7tpyN2ADxGcQbHG7vcyRHk0cbwqcQriUtg==",
      "license": "MIT"
    }
  }
}
